
Microsoft Visual Studio Solution File, Format Version 12.00
# Visual Studio Version 17
VisualStudioVersion = 17.6.33815.320
MinimumVisualStudioVersion = 10.0.40219.1
Project("{FAE04EC0-301F-11D3-BF4B-00C04F79EFBC}") = "web3", "web3\web3.csproj", "{8206C4BF-9D7C-4159-998F-C47B139B2CFA}"
EndProject
Global
	GlobalSection(SolutionConfigurationPlatforms) = preSolution
		Debug|Any CPU = Debug|Any CPU
		Release|Any CPU = Release|Any CPU
	EndGlobalSection
	GlobalSection(ProjectConfigurationPlatforms) = postSolution
		{8206C4BF-9D7C-4159-998F-C47B139B2CFA}.Debug|Any CPU.ActiveCfg = Debug|Any CPU
		{8206C4BF-9D7C-4159-998F-C47B139B2CFA}.Debug|Any CPU.Build.0 = Debug|Any CPU
		{8206C4BF-9D7C-4159-998F-C47B139B2CFA}.Release|Any CPU.ActiveCfg = Release|Any CPU
		{8206C4BF-9D7C-4159-998F-C47B139B2CFA}.Release|Any CPU.Build.0 = Release|Any CPU
	EndGlobalSection
	GlobalSection(SolutionProperties) = preSolution
		HideSolutionNode = FALSE
	EndGlobalSection
	GlobalSection(ExtensibilityGlobals) = postSolution
		SolutionGuid = {8D45AE38-5C64-4D88-A77C-B07EFDD708C2}
	EndGlobalSection
EndGlobal
